
Microsoft Visual Studio Solution File, Format Version 12.00
# Visual Studio Version 17
VisualStudioVersion = 17.4.33213.308
MinimumVisualStudioVersion = 10.0.40219.1
Project("{FAE04EC0-301F-11D3-BF4B-00C04F79EFBC}") = "FractionGreaterThanOne", "FractionGreaterThanOne\FractionGreaterThanOne.csproj", "{84F025C1-54EA-43DD-8553-326E9218A628}"
EndProject
Global
	GlobalSection(SolutionConfigurationPlatforms) = preSolution
		Debug|Any CPU = Debug|Any CPU
		Release|Any CPU = Release|Any CPU
	EndGlobalSection
	GlobalSection(ProjectConfigurationPlatforms) = postSolution
		{84F025C1-54EA-43DD-8553-326E9218A628}.Debug|Any CPU.ActiveCfg = Debug|Any CPU
		{84F025C1-54EA-43DD-8553-326E9218A628}.Debug|Any CPU.Build.0 = Debug|Any CPU
		{84F025C1-54EA-43DD-8553-326E9218A628}.Release|Any CPU.ActiveCfg = Release|Any CPU
		{84F025C1-54EA-43DD-8553-326E9218A628}.Release|Any CPU.Build.0 = Release|Any CPU
	EndGlobalSection
	GlobalSection(SolutionProperties) = preSolution
		HideSolutionNode = FALSE
	EndGlobalSection
	GlobalSection(ExtensibilityGlobals) = postSolution
		SolutionGuid = {B567062E-5034-43EC-87CB-30BDA72C5616}
	EndGlobalSection
EndGlobal
